
Microsoft Visual Studio Solution File, Format Version 12.00
# Visual Studio Version 16
VisualStudioVersion = 16.0.29905.134
MinimumVisualStudioVersion = 10.0.40219.1
Project("{FAE04EC0-301F-11D3-BF4B-00C04F79EFBC}") = "Blocknot", "Blocknot\Blocknot.csproj", "{2662C2F2-330A-440E-B613-2A0EA0D51E8E}"
EndProject
Project("{FAE04EC0-301F-11D3-BF4B-00C04F79EFBC}") = "Blocknot.BL", "Blocknot.BL\Blocknot.BL.csproj", "{2CA6E8FA-DB22-429D-B6E9-BB32391029D0}"
EndProject
Global
	GlobalSection(SolutionConfigurationPlatforms) = preSolution
		Debug|Any CPU = Debug|Any CPU
		Release|Any CPU = Release|Any CPU
	EndGlobalSection
	GlobalSection(ProjectConfigurationPlatforms) = postSolution
		{2662C2F2-330A-440E-B613-2A0EA0D51E8E}.Debug|Any CPU.ActiveCfg = Debug|Any CPU
		{2662C2F2-330A-440E-B613-2A0EA0D51E8E}.Debug|Any CPU.Build.0 = Debug|Any CPU
		{2662C2F2-330A-440E-B613-2A0EA0D51E8E}.Release|Any CPU.ActiveCfg = Release|Any CPU
		{2662C2F2-330A-440E-B613-2A0EA0D51E8E}.Release|Any CPU.Build.0 = Release|Any CPU
		{2CA6E8FA-DB22-429D-B6E9-BB32391029D0}.Debug|Any CPU.ActiveCfg = Debug|Any CPU
		{2CA6E8FA-DB22-429D-B6E9-BB32391029D0}.Debug|Any CPU.Build.0 = Debug|Any CPU
		{2CA6E8FA-DB22-429D-B6E9-BB32391029D0}.Release|Any CPU.ActiveCfg = Release|Any CPU
		{2CA6E8FA-DB22-429D-B6E9-BB32391029D0}.Release|Any CPU.Build.0 = Release|Any CPU
	EndGlobalSection
	GlobalSection(SolutionProperties) = preSolution
		HideSolutionNode = FALSE
	EndGlobalSection
	GlobalSection(ExtensibilityGlobals) = postSolution
		SolutionGuid = {E591C836-D524-49F1-8070-2D8361A5F786}
	EndGlobalSection
EndGlobal
